
Microsoft Visual Studio Solution File, Format Version 12.00
# Visual Studio Version 17
VisualStudioVersion = 17.7.34202.233
MinimumVisualStudioVersion = 10.0.40219.1
Project("{FAE04EC0-301F-11D3-BF4B-00C04F79EFBC}") = "Gestion de stock.Android", "Gestion de stock.Android\Gestion de stock.Android.csproj", "{03D0EE45-08E5-45C4-AE0F-3A16A8D3BDA9}"
EndProject
Project("{FAE04EC0-301F-11D3-BF4B-00C04F79EFBC}") = "Gestion de stock.iOS", "Gestion de stock.iOS\Gestion de stock.iOS.csproj", "{7AC5FBCA-9D15-4060-8531-785857864474}"
EndProject
Project("{FAE04EC0-301F-11D3-BF4B-00C04F79EFBC}") = "Gestion de stock", "Gestion de stock\Gestion de stock.csproj", "{67B92E6A-FC3A-4A05-BDA0-332A883738C6}"
EndProject
Global
	GlobalSection(SolutionConfigurationPlatforms) = preSolution
		Debug|Any CPU = Debug|Any CPU
		Debug|iPhone = Debug|iPhone
		Debug|iPhoneSimulator = Debug|iPhoneSimulator
		Release|Any CPU = Release|Any CPU
		Release|iPhone = Release|iPhone
		Release|iPhoneSimulator = Release|iPhoneSimulator
	EndGlobalSection
	GlobalSection(ProjectConfigurationPlatforms) = postSolution
		{03D0EE45-08E5-45C4-AE0F-3A16A8D3BDA9}.Debug|Any CPU.ActiveCfg = Debug|Any CPU
		{03D0EE45-08E5-45C4-AE0F-3A16A8D3BDA9}.Debug|Any CPU.Build.0 = Debug|Any CPU
		{03D0EE45-08E5-45C4-AE0F-3A16A8D3BDA9}.Debug|Any CPU.Deploy.0 = Debug|Any CPU
		{03D0EE45-08E5-45C4-AE0F-3A16A8D3BDA9}.Debug|iPhone.ActiveCfg = Debug|Any CPU
		{03D0EE45-08E5-45C4-AE0F-3A16A8D3BDA9}.Debug|iPhone.Build.0 = Debug|Any CPU
		{03D0EE45-08E5-45C4-AE0F-3A16A8D3BDA9}.Debug|iPhone.Deploy.0 = Debug|Any CPU
		{03D0EE45-08E5-45C4-AE0F-3A16A8D3BDA9}.Debug|iPhoneSimulator.ActiveCfg = Debug|Any CPU
		{03D0EE45-08E5-45C4-AE0F-3A16A8D3BDA9}.Debug|iPhoneSimulator.Build.0 = Debug|Any CPU
		{03D0EE45-08E5-45C4-AE0F-3A16A8D3BDA9}.Debug|iPhoneSimulator.Deploy.0 = Debug|Any CPU
		{03D0EE45-08E5-45C4-AE0F-3A16A8D3BDA9}.Release|Any CPU.ActiveCfg = Release|Any CPU
		{03D0EE45-08E5-45C4-AE0F-3A16A8D3BDA9}.Release|Any CPU.Build.0 = Release|Any CPU
		{03D0EE45-08E5-45C4-AE0F-3A16A8D3BDA9}.Release|Any CPU.Deploy.0 = Release|Any CPU
		{03D0EE45-08E5-45C4-AE0F-3A16A8D3BDA9}.Release|iPhone.ActiveCfg = Release|Any CPU
		{03D0EE45-08E5-45C4-AE0F-3A16A8D3BDA9}.Release|iPhone.Build.0 = Release|Any CPU
		{03D0EE45-08E5-45C4-AE0F-3A16A8D3BDA9}.Release|iPhone.Deploy.0 = Release|Any CPU
		{03D0EE45-08E5-45C4-AE0F-3A16A8D3BDA9}.Release|iPhoneSimulator.ActiveCfg = Release|Any CPU
		{03D0EE45-08E5-45C4-AE0F-3A16A8D3BDA9}.Release|iPhoneSimulator.Build.0 = Release|Any CPU
		{03D0EE45-08E5-45C4-AE0F-3A16A8D3BDA9}.Release|iPhoneSimulator.Deploy.0 = Release|Any CPU
		{7AC5FBCA-9D15-4060-8531-785857864474}.Debug|Any CPU.ActiveCfg = Debug|iPhone
		{7AC5FBCA-9D15-4060-8531-785857864474}.Debug|Any CPU.Build.0 = Debug|iPhone
		{7AC5FBCA-9D15-4060-8531-785857864474}.Debug|Any CPU.Deploy.0 = Debug|iPhone
		{7AC5FBCA-9D15-4060-8531-785857864474}.Debug|iPhone.ActiveCfg = Debug|iPhone
		{7AC5FBCA-9D15-4060-8531-785857864474}.Debug|iPhone.Build.0 = Debug|iPhone
		{7AC5FBCA-9D15-4060-8531-785857864474}.Debug|iPhone.Deploy.0 = Debug|iPhone
		{7AC5FBCA-9D15-4060-8531-785857864474}.Debug|iPhoneSimulator.ActiveCfg = Debug|iPhoneSimulator
		{7AC5FBCA-9D15-4060-8531-785857864474}.Debug|iPhoneSimulator.Build.0 = Debug|iPhoneSimulator
		{7AC5FBCA-9D15-4060-8531-785857864474}.Debug|iPhoneSimulator.Deploy.0 = Debug|iPhoneSimulator
		{7AC5FBCA-9D15-4060-8531-785857864474}.Release|Any CPU.ActiveCfg = Release|iPhoneSimulator
		{7AC5FBCA-9D15-4060-8531-785857864474}.Release|Any CPU.Build.0 = Release|iPhoneSimulator
		{7AC5FBCA-9D15-4060-8531-785857864474}.Release|Any CPU.Deploy.0 = Release|iPhoneSimulator
		{7AC5FBCA-9D15-4060-8531-785857864474}.Release|iPhone.ActiveCfg = Release|iPhone
		{7AC5FBCA-9D15-4060-8531-785857864474}.Release|iPhone.Build.0 = Release|iPhone
		{7AC5FBCA-9D15-4060-8531-785857864474}.Release|iPhone.Deploy.0 = Release|iPhone
		{7AC5FBCA-9D15-4060-8531-785857864474}.Release|iPhoneSimulator.ActiveCfg = Release|iPhoneSimulator
		{7AC5FBCA-9D15-4060-8531-785857864474}.Release|iPhoneSimulator.Build.0 = Release|iPhoneSimulator
		{7AC5FBCA-9D15-4060-8531-785857864474}.Release|iPhoneSimulator.Deploy.0 = Release|iPhoneSimulator
		{67B92E6A-FC3A-4A05-BDA0-332A883738C6}.Debug|Any CPU.ActiveCfg = Debug|Any CPU
		{67B92E6A-FC3A-4A05-BDA0-332A883738C6}.Debug|Any CPU.Build.0 = Debug|Any CPU
		{67B92E6A-FC3A-4A05-BDA0-332A883738C6}.Debug|Any CPU.Deploy.0 = Debug|Any CPU
		{67B92E6A-FC3A-4A05-BDA0-332A883738C6}.Debug|iPhone.ActiveCfg = Debug|Any CPU
		{67B92E6A-FC3A-4A05-BDA0-332A883738C6}.Debug|iPhone.Build.0 = Debug|Any CPU
		{67B92E6A-FC3A-4A05-BDA0-332A883738C6}.Debug|iPhone.Deploy.0 = Debug|Any CPU
		{67B92E6A-FC3A-4A05-BDA0-332A883738C6}.Debug|iPhoneSimulator.ActiveCfg = Debug|Any CPU
		{67B92E6A-FC3A-4A05-BDA0-332A883738C6}.Debug|iPhoneSimulator.Build.0 = Debug|Any CPU
		{67B92E6A-FC3A-4A05-BDA0-332A883738C6}.Debug|iPhoneSimulator.Deploy.0 = Debug|Any CPU
		{67B92E6A-FC3A-4A05-BDA0-332A883738C6}.Release|Any CPU.ActiveCfg = Release|Any CPU
		{67B92E6A-FC3A-4A05-BDA0-332A883738C6}.Release|Any CPU.Build.0 = Release|Any CPU
		{67B92E6A-FC3A-4A05-BDA0-332A883738C6}.Release|Any CPU.Deploy.0 = Release|Any CPU
		{67B92E6A-FC3A-4A05-BDA0-332A883738C6}.Release|iPhone.ActiveCfg = Release|Any CPU
		{67B92E6A-FC3A-4A05-BDA0-332A883738C6}.Release|iPhone.Build.0 = Release|Any CPU
		{67B92E6A-FC3A-4A05-BDA0-332A883738C6}.Release|iPhone.Deploy.0 = Release|Any CPU
		{67B92E6A-FC3A-4A05-BDA0-332A883738C6}.Release|iPhoneSimulator.ActiveCfg = Release|Any CPU
		{67B92E6A-FC3A-4A05-BDA0-332A883738C6}.Release|iPhoneSimulator.Build.0 = Release|Any CPU
		{67B92E6A-FC3A-4A05-BDA0-332A883738C6}.Release|iPhoneSimulator.Deploy.0 = Release|Any CPU
	EndGlobalSection
	GlobalSection(SolutionProperties) = preSolution
		HideSolutionNode = FALSE
	EndGlobalSection
	GlobalSection(ExtensibilityGlobals) = postSolution
		SolutionGuid = {AB55B005-701C-412A-9012-621763E2A2C6}
	EndGlobalSection
EndGlobal
